
Microsoft Visual Studio Solution File, Format Version 12.00
# Visual Studio 15
VisualStudioVersion = 15.0.27703.2026
MinimumVisualStudioVersion = 10.0.40219.1
Project("{FAE04EC0-301F-11D3-BF4B-00C04F79EFBC}") = "Task01", "Task01\Task01.csproj", "{4B577725-AF85-4F34-8DCF-31B5C9323DCE}"
EndProject
Global
	GlobalSection(SolutionConfigurationPlatforms) = preSolution
		Debug|Any CPU = Debug|Any CPU
		Release|Any CPU = Release|Any CPU
	EndGlobalSection
	GlobalSection(ProjectConfigurationPlatforms) = postSolution
		{4B577725-AF85-4F34-8DCF-31B5C9323DCE}.Debug|Any CPU.ActiveCfg = Debug|Any CPU
		{4B577725-AF85-4F34-8DCF-31B5C9323DCE}.Debug|Any CPU.Build.0 = Debug|Any CPU
		{4B577725-AF85-4F34-8DCF-31B5C9323DCE}.Release|Any CPU.ActiveCfg = Release|Any CPU
		{4B577725-AF85-4F34-8DCF-31B5C9323DCE}.Release|Any CPU.Build.0 = Release|Any CPU
	EndGlobalSection
	GlobalSection(SolutionProperties) = preSolution
		HideSolutionNode = FALSE
	EndGlobalSection
	GlobalSection(ExtensibilityGlobals) = postSolution
		SolutionGuid = {60A0FE3E-57BD-4D3C-B3B8-6143693F3495}
	EndGlobalSection
EndGlobal
